
Microsoft Visual Studio Solution File, Format Version 12.00
# Visual Studio Version 17
VisualStudioVersion = 17.1.32319.34
MinimumVisualStudioVersion = 10.0.40219.1
Project("{FAE04EC0-301F-11D3-BF4B-00C04F79EFBC}") = "ProductionPointsCounterAPI", "ProductionPointsCounter\ProductionPointsCounterAPI.csproj", "{0A75619C-F408-4CCE-A09F-5524D31B24EB}"
EndProject
Project("{9A19103F-16F7-4668-BE54-9A1E7A4F7556}") = "ProductionPointsCounterMinAPI", "..\test2\test2\ProductionPointsCounterMinAPI.csproj", "{3E13E2D9-5F10-470D-825F-4BEB353C069F}"
EndProject
Global
	GlobalSection(SolutionConfigurationPlatforms) = preSolution
		Debug|Any CPU = Debug|Any CPU
		Release|Any CPU = Release|Any CPU
	EndGlobalSection
	GlobalSection(ProjectConfigurationPlatforms) = postSolution
		{0A75619C-F408-4CCE-A09F-5524D31B24EB}.Debug|Any CPU.ActiveCfg = Debug|Any CPU
		{0A75619C-F408-4CCE-A09F-5524D31B24EB}.Debug|Any CPU.Build.0 = Debug|Any CPU
		{0A75619C-F408-4CCE-A09F-5524D31B24EB}.Release|Any CPU.ActiveCfg = Release|Any CPU
		{0A75619C-F408-4CCE-A09F-5524D31B24EB}.Release|Any CPU.Build.0 = Release|Any CPU
		{3E13E2D9-5F10-470D-825F-4BEB353C069F}.Debug|Any CPU.ActiveCfg = Debug|Any CPU
		{3E13E2D9-5F10-470D-825F-4BEB353C069F}.Debug|Any CPU.Build.0 = Debug|Any CPU
		{3E13E2D9-5F10-470D-825F-4BEB353C069F}.Release|Any CPU.ActiveCfg = Release|Any CPU
		{3E13E2D9-5F10-470D-825F-4BEB353C069F}.Release|Any CPU.Build.0 = Release|Any CPU
	EndGlobalSection
	GlobalSection(SolutionProperties) = preSolution
		HideSolutionNode = FALSE
	EndGlobalSection
	GlobalSection(ExtensibilityGlobals) = postSolution
		SolutionGuid = {A5CB5AFB-7335-4FB9-95F7-1E707A259591}
	EndGlobalSection
EndGlobal
